// !$*UTF8*$!
{
	archiveVersion = 1;
	classes = {
	};
	objectVersion = 46;
	objects = {

/* Begin PBXBuildFile section */
		8E150B501EACDE3900E4ABBD /* AppDelegate.swift in Sources */ = {isa = PBXBuildFile; fileRef = 8E150B4F1EACDE3900E4ABBD /* AppDelegate.swift */; };
		8E150B521EACDE3900E4ABBD /* ViewController.swift in Sources */ = {isa = PBXBuildFile; fileRef = 8E150B511EACDE3900E4ABBD /* ViewController.swift */; };
		8E150B551EACDE3900E4ABBD /* Main.storyboard in Resources */ = {isa = PBXBuildFile; fileRef = 8E150B531EACDE3900E4ABBD /* Main.storyboard */; };
		8E150B571EACDE3900E4ABBD /* Assets.xcassets in Resources */ = {isa = PBXBuildFile; fileRef = 8E150B561EACDE3900E4ABBD /* Assets.xcassets */; };
		8E150B5A1EACDE3900E4ABBD /* LaunchScreen.storyboard in Resources */ = {isa = PBXBuildFile; fileRef = 8E150B581EACDE3900E4ABBD /* LaunchScreen.storyboard */; };
/* End PBXBuildFile section */

/* Begin PBXFileReference section */
		8E150B4C1EACDE3900E4ABBD /* PagingScrollViewWithCustomPageSize.app */ = {isa = PBXFileReference; explicitFileType = wrapper.application; includeInIndex = 0; path = PagingScrollViewWithCustomPageSize.app; sourceTree = BUILT_PRODUCTS_DIR; };
		8E150B4F1EACDE3900E4ABBD /* AppDelegate.swift */ = {isa = PBXFileReference; lastKnownFileType = sourcecode.swift; path = AppDelegate.swift; sourceTree = "<group>"; };
		8E150B511EACDE3900E4ABBD /* ViewController.swift */ = {isa = PBXFileReference; lastKnownFileType = sourcecode.swift; path = ViewController.swift; sourceTree = "<group>"; };
		8E150B541EACDE3900E4ABBD /* Base */ = {isa = PBXFileReference; lastKnownFileType = file.storyboard; name = Base; path = Base.lproj/Main.storyboard; sourceTree = "<group>"; };
		8E150B561EACDE3900E4ABBD /* Assets.xcassets */ = {isa = PBXFileReference; lastKnownFileType = folder.assetcatalog; path = Assets.xcassets; sourceTree = "<group>"; };
		8E150B591EACDE3900E4ABBD /* Base */ = {isa = PBXFileReference; lastKnownFileType = file.storyboard; name = Base; path = Base.lproj/LaunchScreen.storyboard; sourceTree = "<group>"; };
		8E150B5B1EACDE3900E4ABBD /* Info.plist */ = {isa = PBXFileReference; lastKnownFileType = text.plist.xml; path = Info.plist; sourceTree = "<group>"; };
/* End PBXFileReference section */

/* Begin PBXFrameworksBuildPhase section */
		8E150B491EACDE3900E4ABBD /* Frameworks */ = {
			isa = PBXFrameworksBuildPhase;
			buildActionMask = 2147483647;
			files = (
			);
			runOnlyForDeploymentPostprocessing = 0;
		};
/* End PBXFrameworksBuildPhase section */

/* Begin PBXGroup section */
		8E150B431EACDE3900E4ABBD = {
			isa = PBXGroup;
			children = (
				8E150B4E1EACDE3900E4ABBD /* PagingScrollViewWithCustomPageSize */,
				8E150B4D1EACDE3900E4ABBD /* Products */,
			);
			sourceTree = "<group>";
		};
		8E150B4D1EACDE3900E4ABBD /* Products */ = {
			isa = PBXGroup;
			children = (
				8E150B4C1EACDE3900E4ABBD /* PagingScrollViewWithCustomPageSize.app */,
			);
			name = Products;
			sourceTree = "<group>";
		};
		8E150B4E1EACDE3900E4ABBD /* PagingScrollViewWithCustomPageSize */ = {
			isa = PBXGroup;
			children = (
				8E150B4F1EACDE3900E4ABBD /* AppDelegate.swift */,
				8E150B511EACDE3900E4ABBD /* ViewController.swift */,
				8E150B531EACDE3900E4ABBD /* Main.storyboard */,
				8E150B561EACDE3900E4ABBD /* Assets.xcassets */,
				8E150B581EACDE3900E4ABBD /* LaunchScreen.storyboard */,
				8E150B5B1EACDE3900E4ABBD /* Info.plist */,
			);
			path = PagingScrollViewWithCustomPageSize;
			sourceTree = "<group>";
		};
/* End PBXGroup section */

/* Begin PBXNativeTarget section */
		8E150B4B1EACDE3900E4ABBD /* PagingScrollViewWithCustomPageSize */ = {
			isa = PBXNativeTarget;
			buildConfigurationList = 8E150B5E1EACDE3900E4ABBD /* Build configuration list for PBXNativeTarget "PagingScrollViewWithCustomPageSize" */;
			buildPhases = (
				8E150B481EACDE3900E4ABBD /* Sources */,
				8E150B491EACDE3900E4ABBD /* Frameworks */,
				8E150B4A1EACDE3900E4ABBD /* Resources */,
			);
			buildRules = (
			);
			dependencies = (
			);
			name = PagingScrollViewWithCustomPageSize;
			productName = PagingScrollViewWithCustomPageSize;
			productReference = 8E150B4C1EACDE3900E4ABBD /* PagingScrollViewWithCustomPageSize.app */;
			productType = "com.apple.product-type.application";
		};
/* End PBXNativeTarget section */

/* Begin PBXProject section */
		8E150B441EACDE3900E4ABBD /* Project object */ = {
			isa = PBXProject;
			attributes = {
				LastSwiftUpdateCheck = 0830;
				LastUpgradeCheck = 0830;
				ORGANIZATIONNAME = "My Organization";
				TargetAttributes = {
					8E150B4B1EACDE3900E4ABBD = {
						CreatedOnToolsVersion = 8.3.2;
						ProvisioningStyle = Manual;
					};
				};
			};
			buildConfigurationList = 8E150B471EACDE3900E4ABBD /* Build configuration list for PBXProject "PagingScrollViewWithCustomPageSize" */;
			compatibilityVersion = "Xcode 3.2";
			developmentRegion = English;
			hasScannedForEncodings = 0;
			knownRegions = (
				en,
				Base,
			);
			mainGroup = 8E150B431EACDE3900E4ABBD;
			productRefGroup = 8E150B4D1EACDE3900E4ABBD /* Products */;
			projectDirPath = "";
			projectRoot = "";
			targets = (
				8E150B4B1EACDE3900E4ABBD /* PagingScrollViewWithCustomPageSize */,
			);
		};
/* End PBXProject section */

/* Begin PBXResourcesBuildPhase section */
		8E150B4A1EACDE3900E4ABBD /* Resources */ = {
			isa = PBXResourcesBuildPhase;
			buildActionMask = 2147483647;
			files = (
				8E150B5A1EACDE3900E4ABBD /* LaunchScreen.storyboard in Resources */,
				8E150B571EACDE3900E4ABBD /* Assets.xcassets in Resources */,
				8E150B551EACDE3900E4ABBD /* Main.storyboard in Resources */,
			);
			runOnlyForDeploymentPostprocessing = 0;
		};
/* End PBXResourcesBuildPhase section */

/* Begin PBXSourcesBuildPhase section */
		8E150B481EACDE3900E4ABBD /* Sources */ = {
			isa = PBXSourcesBuildPhase;
			buildActionMask = 2147483647;
			files = (
				8E150B521EACDE3900E4ABBD /* ViewController.swift in Sources */,
				8E150B501EACDE3900E4ABBD /* AppDelegate.swift in Sources */,
			);
			runOnlyForDeploymentPostprocessing = 0;
		};
/* End PBXSourcesBuildPhase section */

/* Begin PBXVariantGroup section */
		8E150B531EACDE3900E4ABBD /* Main.storyboard */ = {
			isa = PBXVariantGroup;
			children = (
				8E150B541EACDE3900E4ABBD /* Base */,
			);
			name = Main.storyboard;
			sourceTree = "<group>";
		};
		8E150B581EACDE3900E4ABBD /* LaunchScreen.storyboard */ = {
			isa = PBXVariantGroup;
			children = (
				8E150B591EACDE3900E4ABBD /* Base */,
			);
			name = LaunchScreen.storyboard;
			sourceTree = "<group>";
		};
/* End PBXVariantGroup section */

/* Begin XCBuildConfiguration section */
		8E150B5C1EACDE3900E4ABBD /* Debug */ = {
			isa = XCBuildConfiguration;
			buildSettings = {
				ALWAYS_SEARCH_USER_PATHS = NO;
				CLANG_ANALYZER_NONNULL = YES;
				CLANG_ANALYZER_NUMBER_OBJECT_CONVERSION = YES_AGGRESSIVE;
				CLANG_CXX_LANGUAGE_STANDARD = "gnu++0x";
				CLANG_CXX_LIBRARY = "libc++";
				CLANG_ENABLE_MODULES = YES;
				CLANG_ENABLE_OBJC_ARC = YES;
				CLANG_WARN_BOOL_CONVERSION = YES;
				CLANG_WARN_CONSTANT_CONVERSION = YES;
				CLANG_WARN_DIRECT_OBJC_ISA_USAGE = YES_ERROR;
				CLANG_WARN_DOCUMENTATION_COMMENTS = YES;
				CLANG_WARN_EMPTY_BODY = YES;
				CLANG_WARN_ENUM_CONVERSION = YES;
				CLANG_WARN_INFINITE_RECURSION = YES;
				CLANG_WARN_INT_CONVERSION = YES;
				CLANG_WARN_OBJC_ROOT_CLASS = YES_ERROR;
				CLANG_WARN_SUSPICIOUS_MOVE = YES;
				CLANG_WARN_UNREACHABLE_CODE = YES;
				CLANG_WARN__DUPLICATE_METHOD_MATCH = YES;
				"CODE_SIGN_IDENTITY[sdk=iphoneos*]" = "iPhone Developer";
				COPY_PHASE_STRIP = NO;
				DEBUG_INFORMATION_FORMAT = dwarf;
				ENABLE_STRICT_OBJC_MSGSEND = YES;
				ENABLE_TESTABILITY = YES;
				GCC_C_LANGUAGE_STANDARD = gnu99;
				GCC_DYNAMIC_NO_PIC = NO;
				GCC_NO_COMMON_BLOCKS = YES;
				GCC_OPTIMIZATION_LEVEL = 0;
				GCC_PREPROCESSOR_DEFINITIONS = (
					"DEBUG=1",
					"$(inherited)",
				);
				GCC_WARN_64_TO_32_BIT_CONVERSION = YES;
				GCC_WARN_ABOUT_RETURN_TYPE = YES_ERROR;
				GCC_WARN_UNDECLARED_SELECTOR = YES;
				GCC_WARN_UNINITIALIZED_AUTOS = YES_AGGRESSIVE;
				GCC_WARN_UNUSED_FUNCTION = YES;
				GCC_WARN_UNUSED_VARIABLE = YES;
				IPHONEOS_DEPLOYMENT_TARGET = 10.3;
				MTL_ENABLE_DEBUG_INFO = YES;
				ONLY_ACTIVE_ARCH = YES;
				SDKROOT = iphoneos;
				SWIFT_ACTIVE_COMPILATION_CONDITIONS = DEBUG;
				SWIFT_OPTIMIZATION_LEVEL = "-Onone";
				TARGETED_DEVICE_FAMILY = "1,2";
			};
			name = Debug;
		};
		8E150B5D1EACDE3900E4ABBD /* Release */ = {
			isa = XCBuildConfiguration;
			buildSettings = {
				ALWAYS_SEARCH_USER_PATHS = NO;
				CLANG_ANALYZER_NONNULL = YES;
				CLANG_ANALYZER_NUMBER_OBJECT_CONVERSION = YES_AGGRESSIVE;
				CLANG_CXX_LANGUAGE_STANDARD = "gnu++0x";
				CLANG_CXX_LIBRARY = "libc++";
				CLANG_ENABLE_MODULES = YES;
				CLANG_ENABLE_OBJC_ARC = YES;
				CLANG_WARN_BOOL_CONVERSION = YES;
				CLANG_WARN_CONSTANT_CONVERSION = YES;
				CLANG_WARN_DIRECT_OBJC_ISA_USAGE = YES_ERROR;
				CLANG_WARN_DOCUMENTATION_COMMENTS = YES;
				CLANG_WARN_EMPTY_BODY = YES;
				CLANG_WARN_ENUM_CONVERSION = YES;
				CLANG_WARN_INFINITE_RECURSION = YES;
				CLANG_WARN_INT_CONVERSION = YES;
				CLANG_WARN_OBJC_ROOT_CLASS = YES_ERROR;
				CLANG_WARN_SUSPICIOUS_MOVE = YES;
				CLANG_WARN_UNREACHABLE_CODE = YES;
				CLANG_WARN__DUPLICATE_METHOD_MATCH = YES;
				"CODE_SIGN_IDENTITY[sdk=iphoneos*]" = "iPhone Developer";
				COPY_PHASE_STRIP = NO;
				DEBUG_INFORMATION_FORMAT = "dwarf-with-dsym";
				ENABLE_NS_ASSERTIONS = NO;
				ENABLE_STRICT_OBJC_MSGSEND = YES;
				GCC_C_LANGUAGE_STANDARD = gnu99;
				GCC_NO_COMMON_BLOCKS = YES;
				GCC_WARN_64_TO_32_BIT_CONVERSION = YES;
				GCC_WARN_ABOUT_RETURN_TYPE = YES_ERROR;
				GCC_WARN_UNDECLARED_SELECTOR = YES;
				GCC_WARN_UNINITIALIZED_AUTOS = YES_AGGRESSIVE;
				GCC_WARN_UNUSED_FUNCTION = YES;
				GCC_WARN_UNUSED_VARIABLE = YES;
				IPHONEOS_DEPLOYMENT_TARGET = 10.3;
				MTL_ENABLE_DEBUG_INFO = NO;
				SDKROOT = iphoneos;
				SWIFT_OPTIMIZATION_LEVEL = "-Owholemodule";
				TARGETED_DEVICE_FAMILY = "1,2";
				VALIDATE_PRODUCT = YES;
			};
			name = Release;
		};
		8E150B5F1EACDE3900E4ABBD /* Debug */ = {
			isa = XCBuildConfiguration;
			buildSettings = {
				ASSETCATALOG_COMPILER_APPICON_NAME = AppIcon;
				DEVELOPMENT_TEAM = "";
				INFOPLIST_FILE = PagingScrollViewWithCustomPageSize/Info.plist;
				LD_RUNPATH_SEARCH_PATHS = "$(inherited) @executable_path/Frameworks";
				PRODUCT_BUNDLE_IDENTIFIER = com.myorganization.PagingScrollViewWithCustomPageSize;
				PRODUCT_NAME = "$(TARGET_NAME)";
				PROVISIONING_PROFILE_SPECIFIER = "";
				SWIFT_VERSION = 3.0;
			};
			name = Debug;
		};
		8E150B601EACDE3900E4ABBD /* Release */ = {
			isa = XCBuildConfiguration;
			buildSettings = {
				ASSETCATALOG_COMPILER_APPICON_NAME = AppIcon;
				DEVELOPMENT_TEAM = "";
				INFOPLIST_FILE = PagingScrollViewWithCustomPageSize/Info.plist;
				LD_RUNPATH_SEARCH_PATHS = "$(inherited) @executable_path/Frameworks";
				PRODUCT_BUNDLE_IDENTIFIER = com.myorganization.PagingScrollViewWithCustomPageSize;
				PRODUCT_NAME = "$(TARGET_NAME)";
				PROVISIONING_PROFILE_SPECIFIER = "";
				SWIFT_VERSION = 3.0;
			};
			name = Release;
		};
/* End XCBuildConfiguration section */

/* Begin XCConfigurationList section */
		8E150B471EACDE3900E4ABBD /* Build configuration list for PBXProject "PagingScrollViewWithCustomPageSize" */ = {
			isa = XCConfigurationList;
			buildConfigurations = (
				8E150B5C1EACDE3900E4ABBD /* Debug */,
				8E150B5D1EACDE3900E4ABBD /* Release */,
			);
			defaultConfigurationIsVisible = 0;
			defaultConfigurationName = Release;
		};
		8E150B5E1EACDE3900E4ABBD /* Build configuration list for PBXNativeTarget "PagingScrollViewWithCustomPageSize" */ = {
			isa = XCConfigurationList;
			buildConfigurations = (
				8E150B5F1EACDE3900E4ABBD /* Debug */,
				8E150B601EACDE3900E4ABBD /* Release */,
			);
			defaultConfigurationIsVisible = 0;
		};
/* End XCConfigurationList section */
	};
	rootObject = 8E150B441EACDE3900E4ABBD /* Project object */;
}
